
Microsoft Visual Studio Solution File, Format Version 12.00
# Visual Studio Version 16
VisualStudioVersion = 16.0.30002.166
MinimumVisualStudioVersion = 10.0.40219.1
Project("{FAE04EC0-301F-11D3-BF4B-00C04F79EFBC}") = "StaticallyTypedIds", "StaticallyTypedIds.csproj", "{07FB9BA5-75E6-43D5-880C-791B059B4214}"
EndProject
Global
	GlobalSection(SolutionConfigurationPlatforms) = preSolution
		Debug|Any CPU = Debug|Any CPU
		Release|Any CPU = Release|Any CPU
	EndGlobalSection
	GlobalSection(ProjectConfigurationPlatforms) = postSolution
		{07FB9BA5-75E6-43D5-880C-791B059B4214}.Debug|Any CPU.ActiveCfg = Debug|Any CPU
		{07FB9BA5-75E6-43D5-880C-791B059B4214}.Debug|Any CPU.Build.0 = Debug|Any CPU
		{07FB9BA5-75E6-43D5-880C-791B059B4214}.Release|Any CPU.ActiveCfg = Release|Any CPU
		{07FB9BA5-75E6-43D5-880C-791B059B4214}.Release|Any CPU.Build.0 = Release|Any CPU
	EndGlobalSection
	GlobalSection(SolutionProperties) = preSolution
		HideSolutionNode = FALSE
	EndGlobalSection
	GlobalSection(ExtensibilityGlobals) = postSolution
		SolutionGuid = {310B5E2F-F84F-453E-908F-0D6721F94063}
	EndGlobalSection
EndGlobal
